
Microsoft Visual Studio Solution File, Format Version 12.00
# Visual Studio Version 17
VisualStudioVersion = 17.11.35222.181
MinimumVisualStudioVersion = 10.0.40219.1
Project("{888888A0-9F3D-457C-B088-3A5042F75D52}") = "calculadorasimpleflask5f", "calculadorasimpleflask5f\calculadorasimpleflask5f.pyproj", "{EB012948-9C5A-45A6-BDCF-5AE2DD158043}"
EndProject
Global
	GlobalSection(SolutionConfigurationPlatforms) = preSolution
		Debug|Any CPU = Debug|Any CPU
		Release|Any CPU = Release|Any CPU
	EndGlobalSection
	GlobalSection(ProjectConfigurationPlatforms) = postSolution
		{EB012948-9C5A-45A6-BDCF-5AE2DD158043}.Debug|Any CPU.ActiveCfg = Debug|Any CPU
		{EB012948-9C5A-45A6-BDCF-5AE2DD158043}.Debug|Any CPU.Build.0 = Debug|Any CPU
		{EB012948-9C5A-45A6-BDCF-5AE2DD158043}.Release|Any CPU.ActiveCfg = Release|Any CPU
		{EB012948-9C5A-45A6-BDCF-5AE2DD158043}.Release|Any CPU.Build.0 = Release|Any CPU
	EndGlobalSection
	GlobalSection(SolutionProperties) = preSolution
		HideSolutionNode = FALSE
	EndGlobalSection
	GlobalSection(ExtensibilityGlobals) = postSolution
		SolutionGuid = {44AA5E60-AFBE-4D8C-8560-3A781947C699}
	EndGlobalSection
EndGlobal
